
Microsoft Visual Studio Solution File, Format Version 12.00
# Visual Studio Version 17
VisualStudioVersion = 17.4.33205.214
MinimumVisualStudioVersion = 10.0.40219.1
Project("{FAE04EC0-301F-11D3-BF4B-00C04F79EFBC}") = "FooPack.Core", "FooPack.Core\FooPack.Core.csproj", "{A19E5CF0-361F-499F-ADD3-EF63655D6322}"
EndProject
Project("{FAE04EC0-301F-11D3-BF4B-00C04F79EFBC}") = "FooPack", "FooPack\FooPack.csproj", "{7EDE7AAA-71D5-4373-87B2-66908787BEEC}"
EndProject
Global
	GlobalSection(SolutionConfigurationPlatforms) = preSolution
		Debug|Any CPU = Debug|Any CPU
		Release|Any CPU = Release|Any CPU
	EndGlobalSection
	GlobalSection(ProjectConfigurationPlatforms) = postSolution
		{A19E5CF0-361F-499F-ADD3-EF63655D6322}.Debug|Any CPU.ActiveCfg = Debug|Any CPU
		{A19E5CF0-361F-499F-ADD3-EF63655D6322}.Debug|Any CPU.Build.0 = Debug|Any CPU
		{A19E5CF0-361F-499F-ADD3-EF63655D6322}.Release|Any CPU.ActiveCfg = Release|Any CPU
		{A19E5CF0-361F-499F-ADD3-EF63655D6322}.Release|Any CPU.Build.0 = Release|Any CPU
		{7EDE7AAA-71D5-4373-87B2-66908787BEEC}.Debug|Any CPU.ActiveCfg = Debug|Any CPU
		{7EDE7AAA-71D5-4373-87B2-66908787BEEC}.Debug|Any CPU.Build.0 = Debug|Any CPU
		{7EDE7AAA-71D5-4373-87B2-66908787BEEC}.Release|Any CPU.ActiveCfg = Release|Any CPU
		{7EDE7AAA-71D5-4373-87B2-66908787BEEC}.Release|Any CPU.Build.0 = Release|Any CPU
	EndGlobalSection
	GlobalSection(SolutionProperties) = preSolution
		HideSolutionNode = FALSE
	EndGlobalSection
	GlobalSection(ExtensibilityGlobals) = postSolution
		SolutionGuid = {623BFBF1-FBE4-4106-A007-16DF5A211A0A}
	EndGlobalSection
EndGlobal
